
Microsoft Visual Studio Solution File, Format Version 12.00
# Visual Studio Version 16
VisualStudioVersion = 16.0.33214.272
MinimumVisualStudioVersion = 10.0.40219.1
Project("{FAE04EC0-301F-11D3-BF4B-00C04F79EFBC}") = "socketprogramming", "socketprogramming\socketprogramming.csproj", "{2CF59B9C-4AF8-4975-9F17-6AA95E78C951}"
EndProject
Global
	GlobalSection(SolutionConfigurationPlatforms) = preSolution
		Debug|Any CPU = Debug|Any CPU
		Release|Any CPU = Release|Any CPU
	EndGlobalSection
	GlobalSection(ProjectConfigurationPlatforms) = postSolution
		{2CF59B9C-4AF8-4975-9F17-6AA95E78C951}.Debug|Any CPU.ActiveCfg = Debug|Any CPU
		{2CF59B9C-4AF8-4975-9F17-6AA95E78C951}.Debug|Any CPU.Build.0 = Debug|Any CPU
		{2CF59B9C-4AF8-4975-9F17-6AA95E78C951}.Release|Any CPU.ActiveCfg = Release|Any CPU
		{2CF59B9C-4AF8-4975-9F17-6AA95E78C951}.Release|Any CPU.Build.0 = Release|Any CPU
	EndGlobalSection
	GlobalSection(SolutionProperties) = preSolution
		HideSolutionNode = FALSE
	EndGlobalSection
	GlobalSection(ExtensibilityGlobals) = postSolution
		SolutionGuid = {0BC968EB-2834-4512-92FD-C07E4B48A3EC}
	EndGlobalSection
EndGlobal
